
Microsoft Visual Studio Solution File, Format Version 12.00
# Visual Studio Version 16
VisualStudioVersion = 16.0.31624.102
MinimumVisualStudioVersion = 10.0.40219.1
Project("{9A19103F-16F7-4668-BE54-9A1E7A4F7556}") = "Domain", "Domain\Domain.csproj", "{94C77C5D-88C1-4024-9101-68B199D01A7B}"
EndProject
Project("{9A19103F-16F7-4668-BE54-9A1E7A4F7556}") = "Infrastructure", "Infrastructure\Infrastructure.csproj", "{42FAC68F-4E8F-462C-827E-87AE28FA234E}"
EndProject
Project("{9A19103F-16F7-4668-BE54-9A1E7A4F7556}") = "Application", "Application\Application.csproj", "{DB3E28FC-EEB8-4082-A3D2-B734830DAF11}"
EndProject
Project("{9A19103F-16F7-4668-BE54-9A1E7A4F7556}") = "WebUI", "WebUI\WebUI.csproj", "{931384F2-C9CB-4CF4-BD0E-E0CF14EBEF81}"
EndProject
Global
	GlobalSection(SolutionConfigurationPlatforms) = preSolution
		Debug|Any CPU = Debug|Any CPU
		Release|Any CPU = Release|Any CPU
	EndGlobalSection
	GlobalSection(ProjectConfigurationPlatforms) = postSolution
		{94C77C5D-88C1-4024-9101-68B199D01A7B}.Debug|Any CPU.ActiveCfg = Debug|Any CPU
		{94C77C5D-88C1-4024-9101-68B199D01A7B}.Debug|Any CPU.Build.0 = Debug|Any CPU
		{94C77C5D-88C1-4024-9101-68B199D01A7B}.Release|Any CPU.ActiveCfg = Release|Any CPU
		{94C77C5D-88C1-4024-9101-68B199D01A7B}.Release|Any CPU.Build.0 = Release|Any CPU
		{42FAC68F-4E8F-462C-827E-87AE28FA234E}.Debug|Any CPU.ActiveCfg = Debug|Any CPU
		{42FAC68F-4E8F-462C-827E-87AE28FA234E}.Debug|Any CPU.Build.0 = Debug|Any CPU
		{42FAC68F-4E8F-462C-827E-87AE28FA234E}.Release|Any CPU.ActiveCfg = Release|Any CPU
		{42FAC68F-4E8F-462C-827E-87AE28FA234E}.Release|Any CPU.Build.0 = Release|Any CPU
		{DB3E28FC-EEB8-4082-A3D2-B734830DAF11}.Debug|Any CPU.ActiveCfg = Debug|Any CPU
		{DB3E28FC-EEB8-4082-A3D2-B734830DAF11}.Debug|Any CPU.Build.0 = Debug|Any CPU
		{DB3E28FC-EEB8-4082-A3D2-B734830DAF11}.Release|Any CPU.ActiveCfg = Release|Any CPU
		{DB3E28FC-EEB8-4082-A3D2-B734830DAF11}.Release|Any CPU.Build.0 = Release|Any CPU
		{931384F2-C9CB-4CF4-BD0E-E0CF14EBEF81}.Debug|Any CPU.ActiveCfg = Debug|Any CPU
		{931384F2-C9CB-4CF4-BD0E-E0CF14EBEF81}.Debug|Any CPU.Build.0 = Debug|Any CPU
		{931384F2-C9CB-4CF4-BD0E-E0CF14EBEF81}.Release|Any CPU.ActiveCfg = Release|Any CPU
		{931384F2-C9CB-4CF4-BD0E-E0CF14EBEF81}.Release|Any CPU.Build.0 = Release|Any CPU
	EndGlobalSection
	GlobalSection(SolutionProperties) = preSolution
		HideSolutionNode = FALSE
	EndGlobalSection
	GlobalSection(ExtensibilityGlobals) = postSolution
		SolutionGuid = {1D0E3966-74A0-4E51-8ABB-C31E69322664}
	EndGlobalSection
EndGlobal
